// !$*UTF8*$!
{
	archiveVersion = 1;
	classes = {
	};
	objectVersion = 46;
	objects = {

/* Begin PBXBuildFile section */
		4D21166716DCE50C00F78B37 /* UIKit.framework in Frameworks */ = {isa = PBXBuildFile; fileRef = 4D21166616DCE50C00F78B37 /* UIKit.framework */; };
		4D21166916DCE50C00F78B37 /* Foundation.framework in Frameworks */ = {isa = PBXBuildFile; fileRef = 4D21166816DCE50C00F78B37 /* Foundation.framework */; };
		4D21166B16DCE50C00F78B37 /* CoreGraphics.framework in Frameworks */ = {isa = PBXBuildFile; fileRef = 4D21166A16DCE50C00F78B37 /* CoreGraphics.framework */; };
		4D21167116DCE50C00F78B37 /* InfoPlist.strings in Resources */ = {isa = PBXBuildFile; fileRef = 4D21166F16DCE50C00F78B37 /* InfoPlist.strings */; };
		4D21167316DCE50C00F78B37 /* main.m in Sources */ = {isa = PBXBuildFile; fileRef = 4D21167216DCE50C00F78B37 /* main.m */; };
		4D21167716DCE50C00F78B37 /* AppDelegate.m in Sources */ = {isa = PBXBuildFile; fileRef = 4D21167616DCE50C00F78B37 /* AppDelegate.m */; };
		4D21167916DCE50C00F78B37 /* Default.png in Resources */ = {isa = PBXBuildFile; fileRef = 4D21167816DCE50C00F78B37 /* Default.png */; };
		4D21167B16DCE50C00F78B37 /* Default@2x.png in Resources */ = {isa = PBXBuildFile; fileRef = 4D21167A16DCE50C00F78B37 /* Default@2x.png */; };
		4D21167D16DCE50C00F78B37 /* Default-568h@2x.png in Resources */ = {isa = PBXBuildFile; fileRef = 4D21167C16DCE50C00F78B37 /* Default-568h@2x.png */; };
		4D21168516DCE50C00F78B37 /* SenTestingKit.framework in Frameworks */ = {isa = PBXBuildFile; fileRef = 4D21168416DCE50C00F78B37 /* SenTestingKit.framework */; };
		4D21168616DCE50C00F78B37 /* UIKit.framework in Frameworks */ = {isa = PBXBuildFile; fileRef = 4D21166616DCE50C00F78B37 /* UIKit.framework */; };
		4D21168716DCE50C00F78B37 /* Foundation.framework in Frameworks */ = {isa = PBXBuildFile; fileRef = 4D21166816DCE50C00F78B37 /* Foundation.framework */; };
		4D21168F16DCE50C00F78B37 /* InfoPlist.strings in Resources */ = {isa = PBXBuildFile; fileRef = 4D21168D16DCE50C00F78B37 /* InfoPlist.strings */; };
		4D21169216DCE50C00F78B37 /* RoomBookerTests.m in Sources */ = {isa = PBXBuildFile; fileRef = 4D21169116DCE50C00F78B37 /* RoomBookerTests.m */; };
		4D21169D16DCE66000F78B37 /* RoomTests.m in Sources */ = {isa = PBXBuildFile; fileRef = 4D21169C16DCE66000F78B37 /* RoomTests.m */; };
		4D2116A016DCE73300F78B37 /* Room.m in Sources */ = {isa = PBXBuildFile; fileRef = 4D21169F16DCE73300F78B37 /* Room.m */; };
		4DB9EE2716DD2C09009E9F19 /* BookingTests.m in Sources */ = {isa = PBXBuildFile; fileRef = 4DB9EE2616DD2C09009E9F19 /* BookingTests.m */; };
		4DB9EE2A16DD2C1E009E9F19 /* Booking.m in Sources */ = {isa = PBXBuildFile; fileRef = 4DB9EE2916DD2C1E009E9F19 /* Booking.m */; };
/* End PBXBuildFile section */

/* Begin PBXContainerItemProxy section */
		4D21168816DCE50C00F78B37 /* PBXContainerItemProxy */ = {
			isa = PBXContainerItemProxy;
			containerPortal = 4D21165B16DCE50C00F78B37 /* Project object */;
			proxyType = 1;
			remoteGlobalIDString = 4D21166216DCE50C00F78B37;
			remoteInfo = RoomBooker;
		};
/* End PBXContainerItemProxy section */

/* Begin PBXFileReference section */
		4D21166316DCE50C00F78B37 /* RoomBooker.app */ = {isa = PBXFileReference; explicitFileType = wrapper.application; includeInIndex = 0; path = RoomBooker.app; sourceTree = BUILT_PRODUCTS_DIR; };
		4D21166616DCE50C00F78B37 /* UIKit.framework */ = {isa = PBXFileReference; lastKnownFileType = wrapper.framework; name = UIKit.framework; path = System/Library/Frameworks/UIKit.framework; sourceTree = SDKROOT; };
		4D21166816DCE50C00F78B37 /* Foundation.framework */ = {isa = PBXFileReference; lastKnownFileType = wrapper.framework; name = Foundation.framework; path = System/Library/Frameworks/Foundation.framework; sourceTree = SDKROOT; };
		4D21166A16DCE50C00F78B37 /* CoreGraphics.framework */ = {isa = PBXFileReference; lastKnownFileType = wrapper.framework; name = CoreGraphics.framework; path = System/Library/Frameworks/CoreGraphics.framework; sourceTree = SDKROOT; };
		4D21166E16DCE50C00F78B37 /* RoomBooker-Info.plist */ = {isa = PBXFileReference; lastKnownFileType = text.plist.xml; path = "RoomBooker-Info.plist"; sourceTree = "<group>"; };
		4D21167016DCE50C00F78B37 /* en */ = {isa = PBXFileReference; lastKnownFileType = text.plist.strings; name = en; path = en.lproj/InfoPlist.strings; sourceTree = "<group>"; };
		4D21167216DCE50C00F78B37 /* main.m */ = {isa = PBXFileReference; lastKnownFileType = sourcecode.c.objc; path = main.m; sourceTree = "<group>"; };
		4D21167416DCE50C00F78B37 /* RoomBooker-Prefix.pch */ = {isa = PBXFileReference; lastKnownFileType = sourcecode.c.h; path = "RoomBooker-Prefix.pch"; sourceTree = "<group>"; };
		4D21167516DCE50C00F78B37 /* AppDelegate.h */ = {isa = PBXFileReference; lastKnownFileType = sourcecode.c.h; path = AppDelegate.h; sourceTree = "<group>"; };
		4D21167616DCE50C00F78B37 /* AppDelegate.m */ = {isa = PBXFileReference; lastKnownFileType = sourcecode.c.objc; path = AppDelegate.m; sourceTree = "<group>"; };
		4D21167816DCE50C00F78B37 /* Default.png */ = {isa = PBXFileReference; lastKnownFileType = image.png; path = Default.png; sourceTree = "<group>"; };
		4D21167A16DCE50C00F78B37 /* Default@2x.png */ = {isa = PBXFileReference; lastKnownFileType = image.png; path = "Default@2x.png"; sourceTree = "<group>"; };
		4D21167C16DCE50C00F78B37 /* Default-568h@2x.png */ = {isa = PBXFileReference; lastKnownFileType = image.png; path = "Default-568h@2x.png"; sourceTree = "<group>"; };
		4D21168316DCE50C00F78B37 /* RoomBookerTests.octest */ = {isa = PBXFileReference; explicitFileType = wrapper.cfbundle; includeInIndex = 0; path = RoomBookerTests.octest; sourceTree = BUILT_PRODUCTS_DIR; };
		4D21168416DCE50C00F78B37 /* SenTestingKit.framework */ = {isa = PBXFileReference; lastKnownFileType = wrapper.framework; name = SenTestingKit.framework; path = Library/Frameworks/SenTestingKit.framework; sourceTree = DEVELOPER_DIR; };
		4D21168C16DCE50C00F78B37 /* RoomBookerTests-Info.plist */ = {isa = PBXFileReference; lastKnownFileType = text.plist.xml; path = "RoomBookerTests-Info.plist"; sourceTree = "<group>"; };
		4D21168E16DCE50C00F78B37 /* en */ = {isa = PBXFileReference; lastKnownFileType = text.plist.strings; name = en; path = en.lproj/InfoPlist.strings; sourceTree = "<group>"; };
		4D21169016DCE50C00F78B37 /* RoomBookerTests.h */ = {isa = PBXFileReference; lastKnownFileType = sourcecode.c.h; path = RoomBookerTests.h; sourceTree = "<group>"; };
		4D21169116DCE50C00F78B37 /* RoomBookerTests.m */ = {isa = PBXFileReference; lastKnownFileType = sourcecode.c.objc; path = RoomBookerTests.m; sourceTree = "<group>"; };
		4D21169B16DCE66000F78B37 /* RoomTests.h */ = {isa = PBXFileReference; fileEncoding = 4; lastKnownFileType = sourcecode.c.h; path = RoomTests.h; sourceTree = "<group>"; };
		4D21169C16DCE66000F78B37 /* RoomTests.m */ = {isa = PBXFileReference; fileEncoding = 4; lastKnownFileType = sourcecode.c.objc; path = RoomTests.m; sourceTree = "<group>"; };
		4D21169E16DCE73300F78B37 /* Room.h */ = {isa = PBXFileReference; fileEncoding = 4; lastKnownFileType = sourcecode.c.h; name = Room.h; path = Models/Room.h; sourceTree = "<group>"; };
		4D21169F16DCE73300F78B37 /* Room.m */ = {isa = PBXFileReference; fileEncoding = 4; lastKnownFileType = sourcecode.c.objc; name = Room.m; path = Models/Room.m; sourceTree = "<group>"; };
		4DB9EE2516DD2C09009E9F19 /* BookingTests.h */ = {isa = PBXFileReference; fileEncoding = 4; lastKnownFileType = sourcecode.c.h; name = BookingTests.h; path = RoomBookerTests/BookingTests.h; sourceTree = SOURCE_ROOT; };
		4DB9EE2616DD2C09009E9F19 /* BookingTests.m */ = {isa = PBXFileReference; fileEncoding = 4; lastKnownFileType = sourcecode.c.objc; name = BookingTests.m; path = RoomBookerTests/BookingTests.m; sourceTree = SOURCE_ROOT; };
		4DB9EE2816DD2C1E009E9F19 /* Booking.h */ = {isa = PBXFileReference; fileEncoding = 4; lastKnownFileType = sourcecode.c.h; name = Booking.h; path = Models/Booking.h; sourceTree = "<group>"; };
		4DB9EE2916DD2C1E009E9F19 /* Booking.m */ = {isa = PBXFileReference; fileEncoding = 4; lastKnownFileType = sourcecode.c.objc; name = Booking.m; path = Models/Booking.m; sourceTree = "<group>"; };
/* End PBXFileReference section */

/* Begin PBXFrameworksBuildPhase section */
		4D21166016DCE50C00F78B37 /* Frameworks */ = {
			isa = PBXFrameworksBuildPhase;
			buildActionMask = 2147483647;
			files = (
				4D21166716DCE50C00F78B37 /* UIKit.framework in Frameworks */,
				4D21166916DCE50C00F78B37 /* Foundation.framework in Frameworks */,
				4D21166B16DCE50C00F78B37 /* CoreGraphics.framework in Frameworks */,
			);
			runOnlyForDeploymentPostprocessing = 0;
		};
		4D21167F16DCE50C00F78B37 /* Frameworks */ = {
			isa = PBXFrameworksBuildPhase;
			buildActionMask = 2147483647;
			files = (
				4D21168516DCE50C00F78B37 /* SenTestingKit.framework in Frameworks */,
				4D21168616DCE50C00F78B37 /* UIKit.framework in Frameworks */,
				4D21168716DCE50C00F78B37 /* Foundation.framework in Frameworks */,
			);
			runOnlyForDeploymentPostprocessing = 0;
		};
/* End PBXFrameworksBuildPhase section */

/* Begin PBXGroup section */
		4D21165A16DCE50C00F78B37 = {
			isa = PBXGroup;
			children = (
				4D21166C16DCE50C00F78B37 /* RoomBooker */,
				4D21168A16DCE50C00F78B37 /* RoomBookerTests */,
				4D21166516DCE50C00F78B37 /* Frameworks */,
				4D21166416DCE50C00F78B37 /* Products */,
			);
			sourceTree = "<group>";
		};
		4D21166416DCE50C00F78B37 /* Products */ = {
			isa = PBXGroup;
			children = (
				4D21166316DCE50C00F78B37 /* RoomBooker.app */,
				4D21168316DCE50C00F78B37 /* RoomBookerTests.octest */,
			);
			name = Products;
			sourceTree = "<group>";
		};
		4D21166516DCE50C00F78B37 /* Frameworks */ = {
			isa = PBXGroup;
			children = (
				4D21166616DCE50C00F78B37 /* UIKit.framework */,
				4D21166816DCE50C00F78B37 /* Foundation.framework */,
				4D21166A16DCE50C00F78B37 /* CoreGraphics.framework */,
				4D21168416DCE50C00F78B37 /* SenTestingKit.framework */,
			);
			name = Frameworks;
			sourceTree = "<group>";
		};
		4D21166C16DCE50C00F78B37 /* RoomBooker */ = {
			isa = PBXGroup;
			children = (
				4D21169E16DCE73300F78B37 /* Room.h */,
				4D21169F16DCE73300F78B37 /* Room.m */,
				4DB9EE2816DD2C1E009E9F19 /* Booking.h */,
				4DB9EE2916DD2C1E009E9F19 /* Booking.m */,
				4D21167516DCE50C00F78B37 /* AppDelegate.h */,
				4D21167616DCE50C00F78B37 /* AppDelegate.m */,
				4D21166D16DCE50C00F78B37 /* Supporting Files */,
			);
			path = RoomBooker;
			sourceTree = "<group>";
		};
		4D21166D16DCE50C00F78B37 /* Supporting Files */ = {
			isa = PBXGroup;
			children = (
				4D21166E16DCE50C00F78B37 /* RoomBooker-Info.plist */,
				4D21166F16DCE50C00F78B37 /* InfoPlist.strings */,
				4D21167216DCE50C00F78B37 /* main.m */,
				4D21167416DCE50C00F78B37 /* RoomBooker-Prefix.pch */,
				4D21167816DCE50C00F78B37 /* Default.png */,
				4D21167A16DCE50C00F78B37 /* Default@2x.png */,
				4D21167C16DCE50C00F78B37 /* Default-568h@2x.png */,
			);
			name = "Supporting Files";
			sourceTree = "<group>";
		};
		4D21168A16DCE50C00F78B37 /* RoomBookerTests */ = {
			isa = PBXGroup;
			children = (
				4D21169016DCE50C00F78B37 /* RoomBookerTests.h */,
				4D21169116DCE50C00F78B37 /* RoomBookerTests.m */,
				4D21169B16DCE66000F78B37 /* RoomTests.h */,
				4D21169C16DCE66000F78B37 /* RoomTests.m */,
				4DB9EE2516DD2C09009E9F19 /* BookingTests.h */,
				4DB9EE2616DD2C09009E9F19 /* BookingTests.m */,
				4D21168B16DCE50C00F78B37 /* Supporting Files */,
			);
			path = RoomBookerTests;
			sourceTree = "<group>";
		};
		4D21168B16DCE50C00F78B37 /* Supporting Files */ = {
			isa = PBXGroup;
			children = (
				4D21168C16DCE50C00F78B37 /* RoomBookerTests-Info.plist */,
				4D21168D16DCE50C00F78B37 /* InfoPlist.strings */,
			);
			name = "Supporting Files";
			sourceTree = "<group>";
		};
/* End PBXGroup section */

/* Begin PBXNativeTarget section */
		4D21166216DCE50C00F78B37 /* RoomBooker */ = {
			isa = PBXNativeTarget;
			buildConfigurationList = 4D21169516DCE50C00F78B37 /* Build configuration list for PBXNativeTarget "RoomBooker" */;
			buildPhases = (
				4D21165F16DCE50C00F78B37 /* Sources */,
				4D21166016DCE50C00F78B37 /* Frameworks */,
				4D21166116DCE50C00F78B37 /* Resources */,
			);
			buildRules = (
			);
			dependencies = (
			);
			name = RoomBooker;
			productName = RoomBooker;
			productReference = 4D21166316DCE50C00F78B37 /* RoomBooker.app */;
			productType = "com.apple.product-type.application";
		};
		4D21168216DCE50C00F78B37 /* RoomBookerTests */ = {
			isa = PBXNativeTarget;
			buildConfigurationList = 4D21169816DCE50C00F78B37 /* Build configuration list for PBXNativeTarget "RoomBookerTests" */;
			buildPhases = (
				4D21167E16DCE50C00F78B37 /* Sources */,
				4D21167F16DCE50C00F78B37 /* Frameworks */,
				4D21168016DCE50C00F78B37 /* Resources */,
				4D21168116DCE50C00F78B37 /* ShellScript */,
			);
			buildRules = (
			);
			dependencies = (
				4D21168916DCE50C00F78B37 /* PBXTargetDependency */,
			);
			name = RoomBookerTests;
			productName = RoomBookerTests;
			productReference = 4D21168316DCE50C00F78B37 /* RoomBookerTests.octest */;
			productType = "com.apple.product-type.bundle";
		};
/* End PBXNativeTarget section */

/* Begin PBXProject section */
		4D21165B16DCE50C00F78B37 /* Project object */ = {
			isa = PBXProject;
			attributes = {
				LastUpgradeCheck = 0460;
				ORGANIZATIONNAME = BoxUK;
			};
			buildConfigurationList = 4D21165E16DCE50C00F78B37 /* Build configuration list for PBXProject "RoomBooker" */;
			compatibilityVersion = "Xcode 3.2";
			developmentRegion = English;
			hasScannedForEncodings = 0;
			knownRegions = (
				en,
			);
			mainGroup = 4D21165A16DCE50C00F78B37;
			productRefGroup = 4D21166416DCE50C00F78B37 /* Products */;
			projectDirPath = "";
			projectRoot = "";
			targets = (
				4D21166216DCE50C00F78B37 /* RoomBooker */,
				4D21168216DCE50C00F78B37 /* RoomBookerTests */,
			);
		};
/* End PBXProject section */

/* Begin PBXResourcesBuildPhase section */
		4D21166116DCE50C00F78B37 /* Resources */ = {
			isa = PBXResourcesBuildPhase;
			buildActionMask = 2147483647;
			files = (
				4D21167116DCE50C00F78B37 /* InfoPlist.strings in Resources */,
				4D21167916DCE50C00F78B37 /* Default.png in Resources */,
				4D21167B16DCE50C00F78B37 /* Default@2x.png in Resources */,
				4D21167D16DCE50C00F78B37 /* Default-568h@2x.png in Resources */,
			);
			runOnlyForDeploymentPostprocessing = 0;
		};
		4D21168016DCE50C00F78B37 /* Resources */ = {
			isa = PBXResourcesBuildPhase;
			buildActionMask = 2147483647;
			files = (
				4D21168F16DCE50C00F78B37 /* InfoPlist.strings in Resources */,
			);
			runOnlyForDeploymentPostprocessing = 0;
		};
/* End PBXResourcesBuildPhase section */

/* Begin PBXShellScriptBuildPhase section */
		4D21168116DCE50C00F78B37 /* ShellScript */ = {
			isa = PBXShellScriptBuildPhase;
			buildActionMask = 2147483647;
			files = (
			);
			inputPaths = (
			);
			outputPaths = (
			);
			runOnlyForDeploymentPostprocessing = 0;
			shellPath = /bin/sh;
			shellScript = "# Run the unit tests in this test bundle.\n\"${SYSTEM_DEVELOPER_DIR}/Tools/RunUnitTests\"\n";
		};
/* End PBXShellScriptBuildPhase section */

/* Begin PBXSourcesBuildPhase section */
		4D21165F16DCE50C00F78B37 /* Sources */ = {
			isa = PBXSourcesBuildPhase;
			buildActionMask = 2147483647;
			files = (
				4D21167316DCE50C00F78B37 /* main.m in Sources */,
				4D21167716DCE50C00F78B37 /* AppDelegate.m in Sources */,
				4D2116A016DCE73300F78B37 /* Room.m in Sources */,
				4DB9EE2A16DD2C1E009E9F19 /* Booking.m in Sources */,
			);
			runOnlyForDeploymentPostprocessing = 0;
		};
		4D21167E16DCE50C00F78B37 /* Sources */ = {
			isa = PBXSourcesBuildPhase;
			buildActionMask = 2147483647;
			files = (
				4D21169216DCE50C00F78B37 /* RoomBookerTests.m in Sources */,
				4D21169D16DCE66000F78B37 /* RoomTests.m in Sources */,
				4DB9EE2716DD2C09009E9F19 /* BookingTests.m in Sources */,
			);
			runOnlyForDeploymentPostprocessing = 0;
		};
/* End PBXSourcesBuildPhase section */

/* Begin PBXTargetDependency section */
		4D21168916DCE50C00F78B37 /* PBXTargetDependency */ = {
			isa = PBXTargetDependency;
			target = 4D21166216DCE50C00F78B37 /* RoomBooker */;
			targetProxy = 4D21168816DCE50C00F78B37 /* PBXContainerItemProxy */;
		};
/* End PBXTargetDependency section */

/* Begin PBXVariantGroup section */
		4D21166F16DCE50C00F78B37 /* InfoPlist.strings */ = {
			isa = PBXVariantGroup;
			children = (
				4D21167016DCE50C00F78B37 /* en */,
			);
			name = InfoPlist.strings;
			sourceTree = "<group>";
		};
		4D21168D16DCE50C00F78B37 /* InfoPlist.strings */ = {
			isa = PBXVariantGroup;
			children = (
				4D21168E16DCE50C00F78B37 /* en */,
			);
			name = InfoPlist.strings;
			sourceTree = "<group>";
		};
/* End PBXVariantGroup section */

/* Begin XCBuildConfiguration section */
		4D21169316DCE50C00F78B37 /* Debug */ = {
			isa = XCBuildConfiguration;
			buildSettings = {
				ALWAYS_SEARCH_USER_PATHS = NO;
				CLANG_CXX_LANGUAGE_STANDARD = "gnu++0x";
				CLANG_CXX_LIBRARY = "libc++";
				CLANG_ENABLE_OBJC_ARC = YES;
				CLANG_WARN_CONSTANT_CONVERSION = YES;
				CLANG_WARN_EMPTY_BODY = YES;
				CLANG_WARN_ENUM_CONVERSION = YES;
				CLANG_WARN_INT_CONVERSION = YES;
				CLANG_WARN__DUPLICATE_METHOD_MATCH = YES;
				"CODE_SIGN_IDENTITY[sdk=iphoneos*]" = "iPhone Developer";
				COPY_PHASE_STRIP = NO;
				GCC_C_LANGUAGE_STANDARD = gnu99;
				GCC_DYNAMIC_NO_PIC = NO;
				GCC_OPTIMIZATION_LEVEL = 0;
				GCC_PREPROCESSOR_DEFINITIONS = (
					"DEBUG=1",
					"$(inherited)",
				);
				GCC_SYMBOLS_PRIVATE_EXTERN = NO;
				GCC_WARN_ABOUT_RETURN_TYPE = YES;
				GCC_WARN_UNINITIALIZED_AUTOS = YES;
				GCC_WARN_UNUSED_VARIABLE = YES;
				IPHONEOS_DEPLOYMENT_TARGET = 6.1;
				ONLY_ACTIVE_ARCH = YES;
				SDKROOT = iphoneos;
			};
			name = Debug;
		};
		4D21169416DCE50C00F78B37 /* Release */ = {
			isa = XCBuildConfiguration;
			buildSettings = {
				ALWAYS_SEARCH_USER_PATHS = NO;
				CLANG_CXX_LANGUAGE_STANDARD = "gnu++0x";
				CLANG_CXX_LIBRARY = "libc++";
				CLANG_ENABLE_OBJC_ARC = YES;
				CLANG_WARN_CONSTANT_CONVERSION = YES;
				CLANG_WARN_EMPTY_BODY = YES;
				CLANG_WARN_ENUM_CONVERSION = YES;
				CLANG_WARN_INT_CONVERSION = YES;
				CLANG_WARN__DUPLICATE_METHOD_MATCH = YES;
				"CODE_SIGN_IDENTITY[sdk=iphoneos*]" = "iPhone Developer";
				COPY_PHASE_STRIP = YES;
				GCC_C_LANGUAGE_STANDARD = gnu99;
				GCC_WARN_ABOUT_RETURN_TYPE = YES;
				GCC_WARN_UNINITIALIZED_AUTOS = YES;
				GCC_WARN_UNUSED_VARIABLE = YES;
				IPHONEOS_DEPLOYMENT_TARGET = 6.1;
				OTHER_CFLAGS = "-DNS_BLOCK_ASSERTIONS=1";
				SDKROOT = iphoneos;
				VALIDATE_PRODUCT = YES;
			};
			name = Release;
		};
		4D21169616DCE50C00F78B37 /* Debug */ = {
			isa = XCBuildConfiguration;
			buildSettings = {
				GCC_PRECOMPILE_PREFIX_HEADER = YES;
				GCC_PREFIX_HEADER = "RoomBooker/RoomBooker-Prefix.pch";
				INFOPLIST_FILE = "RoomBooker/RoomBooker-Info.plist";
				IPHONEOS_DEPLOYMENT_TARGET = 6.0;
				PRODUCT_NAME = "$(TARGET_NAME)";
				WRAPPER_EXTENSION = app;
			};
			name = Debug;
		};
		4D21169716DCE50C00F78B37 /* Release */ = {
			isa = XCBuildConfiguration;
			buildSettings = {
				GCC_PRECOMPILE_PREFIX_HEADER = YES;
				GCC_PREFIX_HEADER = "RoomBooker/RoomBooker-Prefix.pch";
				INFOPLIST_FILE = "RoomBooker/RoomBooker-Info.plist";
				IPHONEOS_DEPLOYMENT_TARGET = 6.0;
				PRODUCT_NAME = "$(TARGET_NAME)";
				WRAPPER_EXTENSION = app;
			};
			name = Release;
		};
		4D21169916DCE50C00F78B37 /* Debug */ = {
			isa = XCBuildConfiguration;
			buildSettings = {
				BUNDLE_LOADER = "$(BUILT_PRODUCTS_DIR)/RoomBooker.app/RoomBooker";
				FRAMEWORK_SEARCH_PATHS = (
					"\"$(SDKROOT)/Developer/Library/Frameworks\"",
					"\"$(DEVELOPER_LIBRARY_DIR)/Frameworks\"",
				);
				GCC_PRECOMPILE_PREFIX_HEADER = YES;
				GCC_PREFIX_HEADER = "RoomBooker/RoomBooker-Prefix.pch";
				INFOPLIST_FILE = "RoomBookerTests/RoomBookerTests-Info.plist";
				IPHONEOS_DEPLOYMENT_TARGET = 6.0;
				PRODUCT_NAME = "$(TARGET_NAME)";
				TEST_HOST = "$(BUNDLE_LOADER)";
				WRAPPER_EXTENSION = octest;
			};
			name = Debug;
		};
		4D21169A16DCE50C00F78B37 /* Release */ = {
			isa = XCBuildConfiguration;
			buildSettings = {
				BUNDLE_LOADER = "$(BUILT_PRODUCTS_DIR)/RoomBooker.app/RoomBooker";
				FRAMEWORK_SEARCH_PATHS = (
					"\"$(SDKROOT)/Developer/Library/Frameworks\"",
					"\"$(DEVELOPER_LIBRARY_DIR)/Frameworks\"",
				);
				GCC_PRECOMPILE_PREFIX_HEADER = YES;
				GCC_PREFIX_HEADER = "RoomBooker/RoomBooker-Prefix.pch";
				INFOPLIST_FILE = "RoomBookerTests/RoomBookerTests-Info.plist";
				IPHONEOS_DEPLOYMENT_TARGET = 6.0;
				PRODUCT_NAME = "$(TARGET_NAME)";
				TEST_HOST = "$(BUNDLE_LOADER)";
				WRAPPER_EXTENSION = octest;
			};
			name = Release;
		};
/* End XCBuildConfiguration section */

/* Begin XCConfigurationList section */
		4D21165E16DCE50C00F78B37 /* Build configuration list for PBXProject "RoomBooker" */ = {
			isa = XCConfigurationList;
			buildConfigurations = (
				4D21169316DCE50C00F78B37 /* Debug */,
				4D21169416DCE50C00F78B37 /* Release */,
			);
			defaultConfigurationIsVisible = 0;
			defaultConfigurationName = Release;
		};
		4D21169516DCE50C00F78B37 /* Build configuration list for PBXNativeTarget "RoomBooker" */ = {
			isa = XCConfigurationList;
			buildConfigurations = (
				4D21169616DCE50C00F78B37 /* Debug */,
				4D21169716DCE50C00F78B37 /* Release */,
			);
			defaultConfigurationIsVisible = 0;
			defaultConfigurationName = Release;
		};
		4D21169816DCE50C00F78B37 /* Build configuration list for PBXNativeTarget "RoomBookerTests" */ = {
			isa = XCConfigurationList;
			buildConfigurations = (
				4D21169916DCE50C00F78B37 /* Debug */,
				4D21169A16DCE50C00F78B37 /* Release */,
			);
			defaultConfigurationIsVisible = 0;
			defaultConfigurationName = Release;
		};
/* End XCConfigurationList section */
	};
	rootObject = 4D21165B16DCE50C00F78B37 /* Project object */;
}
